
Microsoft Visual Studio Solution File, Format Version 12.00
# Visual Studio Version 17
VisualStudioVersion = 17.10.35013.160
MinimumVisualStudioVersion = 10.0.40219.1
Project("{9A19103F-16F7-4668-BE54-9A1E7A4F7556}") = "RZA_AR", "RZA_AR\RZA_AR.csproj", "{CCC1BFCE-D9D0-4937-8E9A-BD132F5EC9B9}"
EndProject
Project("{2150E333-8FDC-42A3-9474-1A3956D46DE8}") = "NewFolder1", "NewFolder1", "{DE10490C-2AF0-470A-8B31-9258302F550D}"
EndProject
Project("{FAE04EC0-301F-11D3-BF4B-00C04F79EFBC}") = "UnitTest", "UnitTest\UnitTest.csproj", "{54DCDC2E-6351-4C5F-9E6A-2FBBECC85EF8}"
EndProject
Global
	GlobalSection(SolutionConfigurationPlatforms) = preSolution
		Debug|Any CPU = Debug|Any CPU
		Release|Any CPU = Release|Any CPU
	EndGlobalSection
	GlobalSection(ProjectConfigurationPlatforms) = postSolution
		{CCC1BFCE-D9D0-4937-8E9A-BD132F5EC9B9}.Debug|Any CPU.ActiveCfg = Debug|Any CPU
		{CCC1BFCE-D9D0-4937-8E9A-BD132F5EC9B9}.Debug|Any CPU.Build.0 = Debug|Any CPU
		{CCC1BFCE-D9D0-4937-8E9A-BD132F5EC9B9}.Release|Any CPU.ActiveCfg = Release|Any CPU
		{CCC1BFCE-D9D0-4937-8E9A-BD132F5EC9B9}.Release|Any CPU.Build.0 = Release|Any CPU
		{54DCDC2E-6351-4C5F-9E6A-2FBBECC85EF8}.Debug|Any CPU.ActiveCfg = Debug|Any CPU
		{54DCDC2E-6351-4C5F-9E6A-2FBBECC85EF8}.Debug|Any CPU.Build.0 = Debug|Any CPU
		{54DCDC2E-6351-4C5F-9E6A-2FBBECC85EF8}.Release|Any CPU.ActiveCfg = Release|Any CPU
		{54DCDC2E-6351-4C5F-9E6A-2FBBECC85EF8}.Release|Any CPU.Build.0 = Release|Any CPU
	EndGlobalSection
	GlobalSection(SolutionProperties) = preSolution
		HideSolutionNode = FALSE
	EndGlobalSection
	GlobalSection(ExtensibilityGlobals) = postSolution
		SolutionGuid = {9051E461-3E1A-4854-8114-BB3AFEDBABBE}
	EndGlobalSection
EndGlobal
